
Microsoft Visual Studio Solution File, Format Version 12.00
# Visual Studio 15
VisualStudioVersion = 15.0.28307.271
MinimumVisualStudioVersion = 10.0.40219.1
Project("{FAE04EC0-301F-11D3-BF4B-00C04F79EFBC}") = "ConsoleApp8", "ConsoleApp8\ConsoleApp8.csproj", "{1123CC96-6D1C-4380-8872-2B28E7BE4438}"
EndProject
Project("{FAE04EC0-301F-11D3-BF4B-00C04F79EFBC}") = "ConsoleApp1", "ConsoleApp1\ConsoleApp1.csproj", "{2E1895D8-23ED-4B61-B96A-D774EB50FA18}"
EndProject
Global
	GlobalSection(SolutionConfigurationPlatforms) = preSolution
		Debug|Any CPU = Debug|Any CPU
		Release|Any CPU = Release|Any CPU
	EndGlobalSection
	GlobalSection(ProjectConfigurationPlatforms) = postSolution
		{1123CC96-6D1C-4380-8872-2B28E7BE4438}.Debug|Any CPU.ActiveCfg = Debug|Any CPU
		{1123CC96-6D1C-4380-8872-2B28E7BE4438}.Debug|Any CPU.Build.0 = Debug|Any CPU
		{1123CC96-6D1C-4380-8872-2B28E7BE4438}.Release|Any CPU.ActiveCfg = Release|Any CPU
		{1123CC96-6D1C-4380-8872-2B28E7BE4438}.Release|Any CPU.Build.0 = Release|Any CPU
		{2E1895D8-23ED-4B61-B96A-D774EB50FA18}.Debug|Any CPU.ActiveCfg = Debug|Any CPU
		{2E1895D8-23ED-4B61-B96A-D774EB50FA18}.Debug|Any CPU.Build.0 = Debug|Any CPU
		{2E1895D8-23ED-4B61-B96A-D774EB50FA18}.Release|Any CPU.ActiveCfg = Release|Any CPU
		{2E1895D8-23ED-4B61-B96A-D774EB50FA18}.Release|Any CPU.Build.0 = Release|Any CPU
	EndGlobalSection
	GlobalSection(SolutionProperties) = preSolution
		HideSolutionNode = FALSE
	EndGlobalSection
	GlobalSection(ExtensibilityGlobals) = postSolution
		SolutionGuid = {4AFCA7CA-C4C9-40C3-858D-83A1A0CDBC1F}
	EndGlobalSection
EndGlobal
